// !$*UTF8*$!
{
	archiveVersion = 1;
	classes = {
	};
	objectVersion = 56;
	objects = {

/* Begin PBXBuildFile section */
		10F95C9A06D176A178B623DD /* Pods_QuizApp_SwiftUI.framework in Frameworks */ = {isa = PBXBuildFile; fileRef = 8DF0F0608DE09C778D0219DF /* Pods_QuizApp_SwiftUI.framework */; };
		A92306C62C4A5F3C0049A537 /* CategoryViewModel.swift in Sources */ = {isa = PBXBuildFile; fileRef = A92306C52C4A5F3C0049A537 /* CategoryViewModel.swift */; };
		A92306C92C4A74F60049A537 /* CategoryView.swift in Sources */ = {isa = PBXBuildFile; fileRef = A92306C82C4A74F60049A537 /* CategoryView.swift */; };
		A92306CB2C4A753A0049A537 /* LoginView.swift in Sources */ = {isa = PBXBuildFile; fileRef = A92306CA2C4A753A0049A537 /* LoginView.swift */; };
		A92306CD2C4A75460049A537 /* RegisterView.swift in Sources */ = {isa = PBXBuildFile; fileRef = A92306CC2C4A75460049A537 /* RegisterView.swift */; };
		A92306CF2C4A81B80049A537 /* GoogleService-Info.plist in Resources */ = {isa = PBXBuildFile; fileRef = A92306CE2C4A81B80049A537 /* GoogleService-Info.plist */; };
		A92306D32C4A89540049A537 /* AuthViewModel.swift in Sources */ = {isa = PBXBuildFile; fileRef = A92306D22C4A89540049A537 /* AuthViewModel.swift */; };
		A92306D72C4A8E470049A537 /* FirebaseManager.swift in Sources */ = {isa = PBXBuildFile; fileRef = A92306D62C4A8E470049A537 /* FirebaseManager.swift */; };
		A92306D92C4A8E8C0049A537 /* CustomInputField.swift in Sources */ = {isa = PBXBuildFile; fileRef = A92306D82C4A8E8C0049A537 /* CustomInputField.swift */; };
		A92306DB2C4A8FDC0049A537 /* User.swift in Sources */ = {isa = PBXBuildFile; fileRef = A92306DA2C4A8FDC0049A537 /* User.swift */; };
		A92499B22C53D2730044A0DF /* CoreAPI in Frameworks */ = {isa = PBXBuildFile; productRef = A92499B12C53D2730044A0DF /* CoreAPI */; };
		A92499B52C53D9D90044A0DF /* OptionButton.swift in Sources */ = {isa = PBXBuildFile; fileRef = A92499B42C53D9D90044A0DF /* OptionButton.swift */; };
		A92499B72C53DA2D0044A0DF /* Extensions.swift in Sources */ = {isa = PBXBuildFile; fileRef = A92499B62C53DA2D0044A0DF /* Extensions.swift */; };
		A92499B92C53DB9A0044A0DF /* QuestionView.swift in Sources */ = {isa = PBXBuildFile; fileRef = A92499B82C53DB9A0044A0DF /* QuestionView.swift */; };
		A92499BB2C53DDD20044A0DF /* AnswerBox.swift in Sources */ = {isa = PBXBuildFile; fileRef = A92499BA2C53DDD20044A0DF /* AnswerBox.swift */; };
		A92499BD2C53DED20044A0DF /* QuestionsView.swift in Sources */ = {isa = PBXBuildFile; fileRef = A92499BC2C53DED20044A0DF /* QuestionsView.swift */; };
		A92499BF2C53DF2B0044A0DF /* QuestionsViewModel.swift in Sources */ = {isa = PBXBuildFile; fileRef = A92499BE2C53DF2B0044A0DF /* QuestionsViewModel.swift */; };
		A92499C12C53DF530044A0DF /* ProgressBar.swift in Sources */ = {isa = PBXBuildFile; fileRef = A92499C02C53DF530044A0DF /* ProgressBar.swift */; };
		A92619F92C65F813006B594A /* LeaderBoardView.swift in Sources */ = {isa = PBXBuildFile; fileRef = A92619F82C65F813006B594A /* LeaderBoardView.swift */; };
		A92619FB2C65FB4E006B594A /* UserIconView.swift in Sources */ = {isa = PBXBuildFile; fileRef = A92619FA2C65FB4E006B594A /* UserIconView.swift */; };
		A93D941C2C5B7D7D00D47492 /* ProfileViewModel.swift in Sources */ = {isa = PBXBuildFile; fileRef = A93D941B2C5B7D7D00D47492 /* ProfileViewModel.swift */; };
		A93D941E2C5BD23700D47492 /* PreviousScoresView.swift in Sources */ = {isa = PBXBuildFile; fileRef = A93D941D2C5BD23700D47492 /* PreviousScoresView.swift */; };
		A93D94202C5BD2FE00D47492 /* PreviousScoresViewModel.swift in Sources */ = {isa = PBXBuildFile; fileRef = A93D941F2C5BD2FE00D47492 /* PreviousScoresViewModel.swift */; };
		A9505C882C4A95020075640F /* AuthHeaderView.swift in Sources */ = {isa = PBXBuildFile; fileRef = A9505C872C4A95020075640F /* AuthHeaderView.swift */; };
		A9505C8E2C4A9D1B0075640F /* GameSelectionView.swift in Sources */ = {isa = PBXBuildFile; fileRef = A9505C8D2C4A9D1B0075640F /* GameSelectionView.swift */; };
		A9505C902C4A9E7F0075640F /* GameSelectionViewModel.swift in Sources */ = {isa = PBXBuildFile; fileRef = A9505C8F2C4A9E7E0075640F /* GameSelectionViewModel.swift */; };
		A9A6CD632C60C1D1000E2570 /* TimerManager.swift in Sources */ = {isa = PBXBuildFile; fileRef = A9A6CD622C60C1D1000E2570 /* TimerManager.swift */; };
		A9A6CD652C60C1EF000E2570 /* QuizManager.swift in Sources */ = {isa = PBXBuildFile; fileRef = A9A6CD642C60C1EF000E2570 /* QuizManager.swift */; };
		A9A6CD692C626AA6000E2570 /* Localizable.xcstrings in Resources */ = {isa = PBXBuildFile; fileRef = A9A6CD682C626AA6000E2570 /* Localizable.xcstrings */; };
		A9A6CD6C2C635D1E000E2570 /* InfoPlist.xcstrings in Resources */ = {isa = PBXBuildFile; fileRef = A9A6CD6B2C635D1E000E2570 /* InfoPlist.xcstrings */; };
		A9A6CD702C6365D5000E2570 /* Image.xcassets in Resources */ = {isa = PBXBuildFile; fileRef = A9A6CD6F2C6365D5000E2570 /* Image.xcassets */; };
		A9A6CD722C63675D000E2570 /* Color.xcassets in Resources */ = {isa = PBXBuildFile; fileRef = A9A6CD712C63675D000E2570 /* Color.xcassets */; };
		A9A6CD752C6369D5000E2570 /* ImageResource.swift in Sources */ = {isa = PBXBuildFile; fileRef = A9A6CD742C6369D5000E2570 /* ImageResource.swift */; };
		A9A6CD772C6369F3000E2570 /* QuizAppImage.swift in Sources */ = {isa = PBXBuildFile; fileRef = A9A6CD762C6369F3000E2570 /* QuizAppImage.swift */; };
		A9AB30CA2C46C4F100604B97 /* QuizApp_SwiftUIApp.swift in Sources */ = {isa = PBXBuildFile; fileRef = A9AB30C92C46C4F100604B97 /* QuizApp_SwiftUIApp.swift */; };
		A9AB30CC2C46C4F100604B97 /* ContentView.swift in Sources */ = {isa = PBXBuildFile; fileRef = A9AB30CB2C46C4F100604B97 /* ContentView.swift */; };
		A9AB30D12C46C4F400604B97 /* Preview Assets.xcassets in Resources */ = {isa = PBXBuildFile; fileRef = A9AB30D02C46C4F400604B97 /* Preview Assets.xcassets */; };
		A9BEDC732C577D5400210FD8 /* TriviaAPIEndpoint.swift in Sources */ = {isa = PBXBuildFile; fileRef = A9BEDC712C577D5300210FD8 /* TriviaAPIEndpoint.swift */; };
		A9BEDC742C577E4C00210FD8 /* Answer.swift in Sources */ = {isa = PBXBuildFile; fileRef = A9BEDC6C2C577D2E00210FD8 /* Answer.swift */; };
		A9BEDC752C577E4E00210FD8 /* Question.swift in Sources */ = {isa = PBXBuildFile; fileRef = A9BEDC6D2C577D2E00210FD8 /* Question.swift */; };
		A9BEDC762C577E5000210FD8 /* TriviaCategory.swift in Sources */ = {isa = PBXBuildFile; fileRef = A9BEDC6E2C577D2E00210FD8 /* TriviaCategory.swift */; };
		A9BEDC782C577FE100210FD8 /* TriviaService.swift in Sources */ = {isa = PBXBuildFile; fileRef = A9BEDC772C577FE100210FD8 /* TriviaService.swift */; };
		A9BEDC7B2C578CDE00210FD8 /* CustomStepper.swift in Sources */ = {isa = PBXBuildFile; fileRef = A9BEDC7A2C578CDE00210FD8 /* CustomStepper.swift */; };
		A9BEDC7D2C59043900210FD8 /* correct.mp3 in Resources */ = {isa = PBXBuildFile; fileRef = A9BEDC7C2C59043900210FD8 /* correct.mp3 */; };
		A9BEDC7F2C59053E00210FD8 /* incorrect.mp3 in Resources */ = {isa = PBXBuildFile; fileRef = A9BEDC7E2C59053E00210FD8 /* incorrect.mp3 */; };
		A9C078A52C4E7CF600DD83B2 /* SplashView.swift in Sources */ = {isa = PBXBuildFile; fileRef = A9C078A42C4E7CF600DD83B2 /* SplashView.swift */; };
		A9C078AE2C4FEA6600DD83B2 /* AppState.swift in Sources */ = {isa = PBXBuildFile; fileRef = A9C078AD2C4FEA6600DD83B2 /* AppState.swift */; };
		A9C078B02C4FEDED00DD83B2 /* MainView.swift in Sources */ = {isa = PBXBuildFile; fileRef = A9C078AF2C4FEDED00DD83B2 /* MainView.swift */; };
		A9C078B22C4FEE7700DD83B2 /* ProfileView.swift in Sources */ = {isa = PBXBuildFile; fileRef = A9C078B12C4FEE7700DD83B2 /* ProfileView.swift */; };
/* End PBXBuildFile section */

/* Begin PBXFileReference section */
		29B1013D14C7E59E3A7501E7 /* Pods-QuizApp_SwiftUI.debug.xcconfig */ = {isa = PBXFileReference; includeInIndex = 1; lastKnownFileType = text.xcconfig; name = "Pods-QuizApp_SwiftUI.debug.xcconfig"; path = "Target Support Files/Pods-QuizApp_SwiftUI/Pods-QuizApp_SwiftUI.debug.xcconfig"; sourceTree = "<group>"; };
		8DF0F0608DE09C778D0219DF /* Pods_QuizApp_SwiftUI.framework */ = {isa = PBXFileReference; explicitFileType = wrapper.framework; includeInIndex = 0; path = Pods_QuizApp_SwiftUI.framework; sourceTree = BUILT_PRODUCTS_DIR; };
		A92306C52C4A5F3C0049A537 /* CategoryViewModel.swift */ = {isa = PBXFileReference; lastKnownFileType = sourcecode.swift; path = CategoryViewModel.swift; sourceTree = "<group>"; };
		A92306C82C4A74F60049A537 /* CategoryView.swift */ = {isa = PBXFileReference; lastKnownFileType = sourcecode.swift; path = CategoryView.swift; sourceTree = "<group>"; };
		A92306CA2C4A753A0049A537 /* LoginView.swift */ = {isa = PBXFileReference; lastKnownFileType = sourcecode.swift; path = LoginView.swift; sourceTree = "<group>"; };
		A92306CC2C4A75460049A537 /* RegisterView.swift */ = {isa = PBXFileReference; lastKnownFileType = sourcecode.swift; path = RegisterView.swift; sourceTree = "<group>"; };
		A92306CE2C4A81B80049A537 /* GoogleService-Info.plist */ = {isa = PBXFileReference; fileEncoding = 4; lastKnownFileType = text.plist.xml; path = "GoogleService-Info.plist"; sourceTree = "<group>"; };
		A92306D22C4A89540049A537 /* AuthViewModel.swift */ = {isa = PBXFileReference; lastKnownFileType = sourcecode.swift; path = AuthViewModel.swift; sourceTree = "<group>"; };
		A92306D62C4A8E470049A537 /* FirebaseManager.swift */ = {isa = PBXFileReference; lastKnownFileType = sourcecode.swift; path = FirebaseManager.swift; sourceTree = "<group>"; };
		A92306D82C4A8E8C0049A537 /* CustomInputField.swift */ = {isa = PBXFileReference; lastKnownFileType = sourcecode.swift; path = CustomInputField.swift; sourceTree = "<group>"; };
		A92306DA2C4A8FDC0049A537 /* User.swift */ = {isa = PBXFileReference; lastKnownFileType = sourcecode.swift; path = User.swift; sourceTree = "<group>"; };
		A92499B42C53D9D90044A0DF /* OptionButton.swift */ = {isa = PBXFileReference; lastKnownFileType = sourcecode.swift; path = OptionButton.swift; sourceTree = "<group>"; };
		A92499B62C53DA2D0044A0DF /* Extensions.swift */ = {isa = PBXFileReference; lastKnownFileType = sourcecode.swift; path = Extensions.swift; sourceTree = "<group>"; };
		A92499B82C53DB9A0044A0DF /* QuestionView.swift */ = {isa = PBXFileReference; lastKnownFileType = sourcecode.swift; path = QuestionView.swift; sourceTree = "<group>"; };
		A92499BA2C53DDD20044A0DF /* AnswerBox.swift */ = {isa = PBXFileReference; lastKnownFileType = sourcecode.swift; path = AnswerBox.swift; sourceTree = "<group>"; };
		A92499BC2C53DED20044A0DF /* QuestionsView.swift */ = {isa = PBXFileReference; lastKnownFileType = sourcecode.swift; path = QuestionsView.swift; sourceTree = "<group>"; };
		A92499BE2C53DF2B0044A0DF /* QuestionsViewModel.swift */ = {isa = PBXFileReference; lastKnownFileType = sourcecode.swift; path = QuestionsViewModel.swift; sourceTree = "<group>"; };
		A92499C02C53DF530044A0DF /* ProgressBar.swift */ = {isa = PBXFileReference; lastKnownFileType = sourcecode.swift; path = ProgressBar.swift; sourceTree = "<group>"; };
		A92619F82C65F813006B594A /* LeaderBoardView.swift */ = {isa = PBXFileReference; lastKnownFileType = sourcecode.swift; path = LeaderBoardView.swift; sourceTree = "<group>"; };
		A92619FA2C65FB4E006B594A /* UserIconView.swift */ = {isa = PBXFileReference; lastKnownFileType = sourcecode.swift; path = UserIconView.swift; sourceTree = "<group>"; };
		A93D941B2C5B7D7D00D47492 /* ProfileViewModel.swift */ = {isa = PBXFileReference; lastKnownFileType = sourcecode.swift; path = ProfileViewModel.swift; sourceTree = "<group>"; };
		A93D941D2C5BD23700D47492 /* PreviousScoresView.swift */ = {isa = PBXFileReference; lastKnownFileType = sourcecode.swift; path = PreviousScoresView.swift; sourceTree = "<group>"; };
		A93D941F2C5BD2FE00D47492 /* PreviousScoresViewModel.swift */ = {isa = PBXFileReference; lastKnownFileType = sourcecode.swift; path = PreviousScoresViewModel.swift; sourceTree = "<group>"; };
		A9505C872C4A95020075640F /* AuthHeaderView.swift */ = {isa = PBXFileReference; lastKnownFileType = sourcecode.swift; path = AuthHeaderView.swift; sourceTree = "<group>"; };
		A9505C8D2C4A9D1B0075640F /* GameSelectionView.swift */ = {isa = PBXFileReference; lastKnownFileType = sourcecode.swift; path = GameSelectionView.swift; sourceTree = "<group>"; };
		A9505C8F2C4A9E7E0075640F /* GameSelectionViewModel.swift */ = {isa = PBXFileReference; lastKnownFileType = sourcecode.swift; path = GameSelectionViewModel.swift; sourceTree = "<group>"; };
		A9A6CD622C60C1D1000E2570 /* TimerManager.swift */ = {isa = PBXFileReference; lastKnownFileType = sourcecode.swift; path = TimerManager.swift; sourceTree = "<group>"; };
		A9A6CD642C60C1EF000E2570 /* QuizManager.swift */ = {isa = PBXFileReference; lastKnownFileType = sourcecode.swift; path = QuizManager.swift; sourceTree = "<group>"; };
		A9A6CD682C626AA6000E2570 /* Localizable.xcstrings */ = {isa = PBXFileReference; lastKnownFileType = text.json.xcstrings; path = Localizable.xcstrings; sourceTree = "<group>"; };
		A9A6CD6B2C635D1E000E2570 /* InfoPlist.xcstrings */ = {isa = PBXFileReference; lastKnownFileType = text.json.xcstrings; path = InfoPlist.xcstrings; sourceTree = "<group>"; };
		A9A6CD6F2C6365D5000E2570 /* Image.xcassets */ = {isa = PBXFileReference; lastKnownFileType = folder.assetcatalog; path = Image.xcassets; sourceTree = "<group>"; };
		A9A6CD712C63675D000E2570 /* Color.xcassets */ = {isa = PBXFileReference; lastKnownFileType = folder.assetcatalog; path = Color.xcassets; sourceTree = "<group>"; };
		A9A6CD742C6369D5000E2570 /* ImageResource.swift */ = {isa = PBXFileReference; lastKnownFileType = sourcecode.swift; path = ImageResource.swift; sourceTree = "<group>"; };
		A9A6CD762C6369F3000E2570 /* QuizAppImage.swift */ = {isa = PBXFileReference; lastKnownFileType = sourcecode.swift; path = QuizAppImage.swift; sourceTree = "<group>"; };
		A9AB30C62C46C4F100604B97 /* QuizApp_SwiftUI.app */ = {isa = PBXFileReference; explicitFileType = wrapper.application; includeInIndex = 0; path = QuizApp_SwiftUI.app; sourceTree = BUILT_PRODUCTS_DIR; };
		A9AB30C92C46C4F100604B97 /* QuizApp_SwiftUIApp.swift */ = {isa = PBXFileReference; lastKnownFileType = sourcecode.swift; path = QuizApp_SwiftUIApp.swift; sourceTree = "<group>"; };
		A9AB30CB2C46C4F100604B97 /* ContentView.swift */ = {isa = PBXFileReference; lastKnownFileType = sourcecode.swift; path = ContentView.swift; sourceTree = "<group>"; };
		A9AB30D02C46C4F400604B97 /* Preview Assets.xcassets */ = {isa = PBXFileReference; lastKnownFileType = folder.assetcatalog; path = "Preview Assets.xcassets"; sourceTree = "<group>"; };
		A9BEDC6C2C577D2E00210FD8 /* Answer.swift */ = {isa = PBXFileReference; lastKnownFileType = sourcecode.swift; path = Answer.swift; sourceTree = "<group>"; };
		A9BEDC6D2C577D2E00210FD8 /* Question.swift */ = {isa = PBXFileReference; lastKnownFileType = sourcecode.swift; path = Question.swift; sourceTree = "<group>"; };
		A9BEDC6E2C577D2E00210FD8 /* TriviaCategory.swift */ = {isa = PBXFileReference; lastKnownFileType = sourcecode.swift; path = TriviaCategory.swift; sourceTree = "<group>"; };
		A9BEDC712C577D5300210FD8 /* TriviaAPIEndpoint.swift */ = {isa = PBXFileReference; lastKnownFileType = sourcecode.swift; path = TriviaAPIEndpoint.swift; sourceTree = "<group>"; };
		A9BEDC772C577FE100210FD8 /* TriviaService.swift */ = {isa = PBXFileReference; lastKnownFileType = sourcecode.swift; path = TriviaService.swift; sourceTree = "<group>"; };
		A9BEDC7A2C578CDE00210FD8 /* CustomStepper.swift */ = {isa = PBXFileReference; lastKnownFileType = sourcecode.swift; path = CustomStepper.swift; sourceTree = "<group>"; };
		A9BEDC7C2C59043900210FD8 /* correct.mp3 */ = {isa = PBXFileReference; lastKnownFileType = audio.mp3; path = correct.mp3; sourceTree = "<group>"; };
		A9BEDC7E2C59053E00210FD8 /* incorrect.mp3 */ = {isa = PBXFileReference; lastKnownFileType = audio.mp3; path = incorrect.mp3; sourceTree = "<group>"; };
		A9C078A42C4E7CF600DD83B2 /* SplashView.swift */ = {isa = PBXFileReference; lastKnownFileType = sourcecode.swift; path = SplashView.swift; sourceTree = "<group>"; };
		A9C078AD2C4FEA6600DD83B2 /* AppState.swift */ = {isa = PBXFileReference; lastKnownFileType = sourcecode.swift; path = AppState.swift; sourceTree = "<group>"; };
		A9C078AF2C4FEDED00DD83B2 /* MainView.swift */ = {isa = PBXFileReference; lastKnownFileType = sourcecode.swift; path = MainView.swift; sourceTree = "<group>"; };
		A9C078B12C4FEE7700DD83B2 /* ProfileView.swift */ = {isa = PBXFileReference; lastKnownFileType = sourcecode.swift; path = ProfileView.swift; sourceTree = "<group>"; };
		ACC8DD36D8A8D178CB843B26 /* Pods-QuizApp_SwiftUI.release.xcconfig */ = {isa = PBXFileReference; includeInIndex = 1; lastKnownFileType = text.xcconfig; name = "Pods-QuizApp_SwiftUI.release.xcconfig"; path = "Target Support Files/Pods-QuizApp_SwiftUI/Pods-QuizApp_SwiftUI.release.xcconfig"; sourceTree = "<group>"; };
/* End PBXFileReference section */

/* Begin PBXFrameworksBuildPhase section */
		A9AB30C32C46C4F100604B97 /* Frameworks */ = {
			isa = PBXFrameworksBuildPhase;
			buildActionMask = 2147483647;
			files = (
				A92499B22C53D2730044A0DF /* CoreAPI in Frameworks */,
				10F95C9A06D176A178B623DD /* Pods_QuizApp_SwiftUI.framework in Frameworks */,
			);
			runOnlyForDeploymentPostprocessing = 0;
		};
/* End PBXFrameworksBuildPhase section */

/* Begin PBXGroup section */
		6991374890A5F8C3ADC98A91 /* Pods */ = {
			isa = PBXGroup;
			children = (
				29B1013D14C7E59E3A7501E7 /* Pods-QuizApp_SwiftUI.debug.xcconfig */,
				ACC8DD36D8A8D178CB843B26 /* Pods-QuizApp_SwiftUI.release.xcconfig */,
			);
			path = Pods;
			sourceTree = "<group>";
		};
		943D1AB63A6D506D7DE7BAA4 /* Frameworks */ = {
			isa = PBXGroup;
			children = (
				8DF0F0608DE09C778D0219DF /* Pods_QuizApp_SwiftUI.framework */,
			);
			name = Frameworks;
			sourceTree = "<group>";
		};
		A92306C42C4A5E580049A537 /* GameSelection */ = {
			isa = PBXGroup;
			children = (
				A9505C8D2C4A9D1B0075640F /* GameSelectionView.swift */,
				A9505C8F2C4A9E7E0075640F /* GameSelectionViewModel.swift */,
			);
			path = GameSelection;
			sourceTree = "<group>";
		};
		A92306C72C4A74D20049A537 /* Game */ = {
			isa = PBXGroup;
			children = (
				A9BEDC6D2C577D2E00210FD8 /* Question.swift */,
				A9BEDC6C2C577D2E00210FD8 /* Answer.swift */,
				A92499B82C53DB9A0044A0DF /* QuestionView.swift */,
				A92499BC2C53DED20044A0DF /* QuestionsView.swift */,
				A92499BE2C53DF2B0044A0DF /* QuestionsViewModel.swift */,
				A9A6CD622C60C1D1000E2570 /* TimerManager.swift */,
				A9A6CD642C60C1EF000E2570 /* QuizManager.swift */,
			);
			path = Game;
			sourceTree = "<group>";
		};
		A92499B32C53D9C90044A0DF /* Components */ = {
			isa = PBXGroup;
			children = (
				A92499B42C53D9D90044A0DF /* OptionButton.swift */,
				A92499BA2C53DDD20044A0DF /* AnswerBox.swift */,
				A92499C02C53DF530044A0DF /* ProgressBar.swift */,
				A9BEDC7A2C578CDE00210FD8 /* CustomStepper.swift */,
			);
			path = Components;
			sourceTree = "<group>";
		};
		A92619F72C65F7F7006B594A /* LeaderBoard */ = {
			isa = PBXGroup;
			children = (
				A92619F82C65F813006B594A /* LeaderBoardView.swift */,
			);
			path = LeaderBoard;
			sourceTree = "<group>";
		};
		A9A6CD6A2C626E27000E2570 /* Localization */ = {
			isa = PBXGroup;
			children = (
				A9A6CD682C626AA6000E2570 /* Localizable.xcstrings */,
				A9A6CD6B2C635D1E000E2570 /* InfoPlist.xcstrings */,
			);
			path = Localization;
			sourceTree = "<group>";
		};
		A9A6CD6D2C63652E000E2570 /* Resources */ = {
			isa = PBXGroup;
			children = (
				A9A6CD6A2C626E27000E2570 /* Localization */,
				A9A6CD6E2C636579000E2570 /* Assets */,
				A9A6CD732C636901000E2570 /* Images */,
			);
			path = Resources;
			sourceTree = "<group>";
		};
		A9A6CD6E2C636579000E2570 /* Assets */ = {
			isa = PBXGroup;
			children = (
				A9A6CD6F2C6365D5000E2570 /* Image.xcassets */,
				A9A6CD712C63675D000E2570 /* Color.xcassets */,
			);
			path = Assets;
			sourceTree = "<group>";
		};
		A9A6CD732C636901000E2570 /* Images */ = {
			isa = PBXGroup;
			children = (
				A9A6CD742C6369D5000E2570 /* ImageResource.swift */,
				A9A6CD762C6369F3000E2570 /* QuizAppImage.swift */,
			);
			path = Images;
			sourceTree = "<group>";
		};
		A9AB30BD2C46C4F100604B97 = {
			isa = PBXGroup;
			children = (
				A9AB30C82C46C4F100604B97 /* QuizApp_SwiftUI */,
				A9AB30C72C46C4F100604B97 /* Products */,
				6991374890A5F8C3ADC98A91 /* Pods */,
				943D1AB63A6D506D7DE7BAA4 /* Frameworks */,
			);
			sourceTree = "<group>";
		};
		A9AB30C72C46C4F100604B97 /* Products */ = {
			isa = PBXGroup;
			children = (
				A9AB30C62C46C4F100604B97 /* QuizApp_SwiftUI.app */,
			);
			name = Products;
			sourceTree = "<group>";
		};
		A9AB30C82C46C4F100604B97 /* QuizApp_SwiftUI */ = {
			isa = PBXGroup;
			children = (
				A92306CE2C4A81B80049A537 /* GoogleService-Info.plist */,
				A9BEDC7C2C59043900210FD8 /* correct.mp3 */,
				A9BEDC7E2C59053E00210FD8 /* incorrect.mp3 */,
				A9A6CD6D2C63652E000E2570 /* Resources */,
				A92499B62C53DA2D0044A0DF /* Extensions.swift */,
				A9BEDC792C57815700210FD8 /* Network */,
				A92499B32C53D9C90044A0DF /* Components */,
				A9C078A32C4E7CA300DD83B2 /* Welcome */,
				A9C078A22C4E43FA00DD83B2 /* Login-Register */,
				A9E1E1212C49094200B07649 /* Category */,
				A92306C42C4A5E580049A537 /* GameSelection */,
				A92306C72C4A74D20049A537 /* Game */,
				A9C078B32C4FEE8000DD83B2 /* Profile */,
				A9AB30C92C46C4F100604B97 /* QuizApp_SwiftUIApp.swift */,
				A9AB30CB2C46C4F100604B97 /* ContentView.swift */,
				A9C078AD2C4FEA6600DD83B2 /* AppState.swift */,
				A92619F72C65F7F7006B594A /* LeaderBoard */,
				A9AB30CF2C46C4F400604B97 /* Preview Content */,
			);
			path = QuizApp_SwiftUI;
			sourceTree = "<group>";
		};
		A9AB30CF2C46C4F400604B97 /* Preview Content */ = {
			isa = PBXGroup;
			children = (
				A9AB30D02C46C4F400604B97 /* Preview Assets.xcassets */,
			);
			path = "Preview Content";
			sourceTree = "<group>";
		};
		A9BEDC792C57815700210FD8 /* Network */ = {
			isa = PBXGroup;
			children = (
				A9BEDC772C577FE100210FD8 /* TriviaService.swift */,
				A9BEDC712C577D5300210FD8 /* TriviaAPIEndpoint.swift */,
			);
			path = Network;
			sourceTree = "<group>";
		};
		A9C078A22C4E43FA00DD83B2 /* Login-Register */ = {
			isa = PBXGroup;
			children = (
				A92306DA2C4A8FDC0049A537 /* User.swift */,
				A92306D82C4A8E8C0049A537 /* CustomInputField.swift */,
				A9505C872C4A95020075640F /* AuthHeaderView.swift */,
				A92306CA2C4A753A0049A537 /* LoginView.swift */,
				A92306CC2C4A75460049A537 /* RegisterView.swift */,
				A92306D62C4A8E470049A537 /* FirebaseManager.swift */,
				A92306D22C4A89540049A537 /* AuthViewModel.swift */,
			);
			path = "Login-Register";
			sourceTree = "<group>";
		};
		A9C078A32C4E7CA300DD83B2 /* Welcome */ = {
			isa = PBXGroup;
			children = (
				A9C078A42C4E7CF600DD83B2 /* SplashView.swift */,
				A9C078AF2C4FEDED00DD83B2 /* MainView.swift */,
			);
			path = Welcome;
			sourceTree = "<group>";
		};
		A9C078B32C4FEE8000DD83B2 /* Profile */ = {
			isa = PBXGroup;
			children = (
				A9C078B12C4FEE7700DD83B2 /* ProfileView.swift */,
				A93D941B2C5B7D7D00D47492 /* ProfileViewModel.swift */,
				A93D941D2C5BD23700D47492 /* PreviousScoresView.swift */,
				A93D941F2C5BD2FE00D47492 /* PreviousScoresViewModel.swift */,
				A92619FA2C65FB4E006B594A /* UserIconView.swift */,
			);
			path = Profile;
			sourceTree = "<group>";
		};
		A9E1E1212C49094200B07649 /* Category */ = {
			isa = PBXGroup;
			children = (
				A9BEDC6E2C577D2E00210FD8 /* TriviaCategory.swift */,
				A92306C82C4A74F60049A537 /* CategoryView.swift */,
				A92306C52C4A5F3C0049A537 /* CategoryViewModel.swift */,
			);
			path = Category;
			sourceTree = "<group>";
		};
/* End PBXGroup section */

/* Begin PBXNativeTarget section */
		A9AB30C52C46C4F100604B97 /* QuizApp_SwiftUI */ = {
			isa = PBXNativeTarget;
			buildConfigurationList = A9AB30D42C46C4F400604B97 /* Build configuration list for PBXNativeTarget "QuizApp_SwiftUI" */;
			buildPhases = (
				FA7686EA796F5D8D88D7B30E /* [CP] Check Pods Manifest.lock */,
				A9AB30C22C46C4F100604B97 /* Sources */,
				A9AB30C32C46C4F100604B97 /* Frameworks */,
				A9AB30C42C46C4F100604B97 /* Resources */,
				9BC6F9A23B012DF4D801DD0F /* [CP] Embed Pods Frameworks */,
			);
			buildRules = (
			);
			dependencies = (
			);
			name = QuizApp_SwiftUI;
			packageProductDependencies = (
				A92499B12C53D2730044A0DF /* CoreAPI */,
			);
			productName = QuizApp_SwiftUI;
			productReference = A9AB30C62C46C4F100604B97 /* QuizApp_SwiftUI.app */;
			productType = "com.apple.product-type.application";
		};
/* End PBXNativeTarget section */

/* Begin PBXProject section */
		A9AB30BE2C46C4F100604B97 /* Project object */ = {
			isa = PBXProject;
			attributes = {
				BuildIndependentTargetsInParallel = 1;
				LastSwiftUpdateCheck = 1540;
				LastUpgradeCheck = 1540;
				TargetAttributes = {
					A9AB30C52C46C4F100604B97 = {
						CreatedOnToolsVersion = 15.4;
					};
				};
			};
			buildConfigurationList = A9AB30C12C46C4F100604B97 /* Build configuration list for PBXProject "QuizApp_SwiftUI" */;
			compatibilityVersion = "Xcode 14.0";
			developmentRegion = en;
			hasScannedForEncodings = 0;
			knownRegions = (
				en,
				Base,
				tr,
			);
			mainGroup = A9AB30BD2C46C4F100604B97;
			productRefGroup = A9AB30C72C46C4F100604B97 /* Products */;
			projectDirPath = "";
			projectRoot = "";
			targets = (
				A9AB30C52C46C4F100604B97 /* QuizApp_SwiftUI */,
			);
		};
/* End PBXProject section */

/* Begin PBXResourcesBuildPhase section */
		A9AB30C42C46C4F100604B97 /* Resources */ = {
			isa = PBXResourcesBuildPhase;
			buildActionMask = 2147483647;
			files = (
				A9BEDC7F2C59053E00210FD8 /* incorrect.mp3 in Resources */,
				A9A6CD6C2C635D1E000E2570 /* InfoPlist.xcstrings in Resources */,
				A9AB30D12C46C4F400604B97 /* Preview Assets.xcassets in Resources */,
				A92306CF2C4A81B80049A537 /* GoogleService-Info.plist in Resources */,
				A9A6CD702C6365D5000E2570 /* Image.xcassets in Resources */,
				A9A6CD692C626AA6000E2570 /* Localizable.xcstrings in Resources */,
				A9BEDC7D2C59043900210FD8 /* correct.mp3 in Resources */,
				A9A6CD722C63675D000E2570 /* Color.xcassets in Resources */,
			);
			runOnlyForDeploymentPostprocessing = 0;
		};
/* End PBXResourcesBuildPhase section */

/* Begin PBXShellScriptBuildPhase section */
		9BC6F9A23B012DF4D801DD0F /* [CP] Embed Pods Frameworks */ = {
			isa = PBXShellScriptBuildPhase;
			buildActionMask = 2147483647;
			files = (
			);
			inputFileListPaths = (
				"${PODS_ROOT}/Target Support Files/Pods-QuizApp_SwiftUI/Pods-QuizApp_SwiftUI-frameworks-${CONFIGURATION}-input-files.xcfilelist",
			);
			name = "[CP] Embed Pods Frameworks";
			outputFileListPaths = (
				"${PODS_ROOT}/Target Support Files/Pods-QuizApp_SwiftUI/Pods-QuizApp_SwiftUI-frameworks-${CONFIGURATION}-output-files.xcfilelist",
			);
			runOnlyForDeploymentPostprocessing = 0;
			shellPath = /bin/sh;
			shellScript = "\"${PODS_ROOT}/Target Support Files/Pods-QuizApp_SwiftUI/Pods-QuizApp_SwiftUI-frameworks.sh\"\n";
			showEnvVarsInLog = 0;
		};
		FA7686EA796F5D8D88D7B30E /* [CP] Check Pods Manifest.lock */ = {
			isa = PBXShellScriptBuildPhase;
			buildActionMask = 2147483647;
			files = (
			);
			inputFileListPaths = (
			);
			inputPaths = (
				"${PODS_PODFILE_DIR_PATH}/Podfile.lock",
				"${PODS_ROOT}/Manifest.lock",
			);
			name = "[CP] Check Pods Manifest.lock";
			outputFileListPaths = (
			);
			outputPaths = (
				"$(DERIVED_FILE_DIR)/Pods-QuizApp_SwiftUI-checkManifestLockResult.txt",
			);
			runOnlyForDeploymentPostprocessing = 0;
			shellPath = /bin/sh;
			shellScript = "diff \"${PODS_PODFILE_DIR_PATH}/Podfile.lock\" \"${PODS_ROOT}/Manifest.lock\" > /dev/null\nif [ $? != 0 ] ; then\n    # print error to STDERR\n    echo \"error: The sandbox is not in sync with the Podfile.lock. Run 'pod install' or update your CocoaPods installation.\" >&2\n    exit 1\nfi\n# This output is used by Xcode 'outputs' to avoid re-running this script phase.\necho \"SUCCESS\" > \"${SCRIPT_OUTPUT_FILE_0}\"\n";
			showEnvVarsInLog = 0;
		};
/* End PBXShellScriptBuildPhase section */

/* Begin PBXSourcesBuildPhase section */
		A9AB30C22C46C4F100604B97 /* Sources */ = {
			isa = PBXSourcesBuildPhase;
			buildActionMask = 2147483647;
			files = (
				A92306D72C4A8E470049A537 /* FirebaseManager.swift in Sources */,
				A9C078B02C4FEDED00DD83B2 /* MainView.swift in Sources */,
				A9BEDC752C577E4E00210FD8 /* Question.swift in Sources */,
				A9BEDC742C577E4C00210FD8 /* Answer.swift in Sources */,
				A9AB30CC2C46C4F100604B97 /* ContentView.swift in Sources */,
				A9BEDC782C577FE100210FD8 /* TriviaService.swift in Sources */,
				A93D94202C5BD2FE00D47492 /* PreviousScoresViewModel.swift in Sources */,
				A92306CB2C4A753A0049A537 /* LoginView.swift in Sources */,
				A9A6CD652C60C1EF000E2570 /* QuizManager.swift in Sources */,
				A92306C92C4A74F60049A537 /* CategoryView.swift in Sources */,
				A9BEDC762C577E5000210FD8 /* TriviaCategory.swift in Sources */,
				A92306C62C4A5F3C0049A537 /* CategoryViewModel.swift in Sources */,
				A92619F92C65F813006B594A /* LeaderBoardView.swift in Sources */,
				A92499B52C53D9D90044A0DF /* OptionButton.swift in Sources */,
				A9A6CD752C6369D5000E2570 /* ImageResource.swift in Sources */,
				A9A6CD772C6369F3000E2570 /* QuizAppImage.swift in Sources */,
				A9505C902C4A9E7F0075640F /* GameSelectionViewModel.swift in Sources */,
				A93D941C2C5B7D7D00D47492 /* ProfileViewModel.swift in Sources */,
				A92306D92C4A8E8C0049A537 /* CustomInputField.swift in Sources */,
				A92306CD2C4A75460049A537 /* RegisterView.swift in Sources */,
				A9BEDC732C577D5400210FD8 /* TriviaAPIEndpoint.swift in Sources */,
				A92306DB2C4A8FDC0049A537 /* User.swift in Sources */,
				A9C078AE2C4FEA6600DD83B2 /* AppState.swift in Sources */,
				A9AB30CA2C46C4F100604B97 /* QuizApp_SwiftUIApp.swift in Sources */,
				A9A6CD632C60C1D1000E2570 /* TimerManager.swift in Sources */,
				A92499C12C53DF530044A0DF /* ProgressBar.swift in Sources */,
				A92499B72C53DA2D0044A0DF /* Extensions.swift in Sources */,
				A92619FB2C65FB4E006B594A /* UserIconView.swift in Sources */,
				A9BEDC7B2C578CDE00210FD8 /* CustomStepper.swift in Sources */,
				A9505C8E2C4A9D1B0075640F /* GameSelectionView.swift in Sources */,
				A9505C882C4A95020075640F /* AuthHeaderView.swift in Sources */,
				A92499BF2C53DF2B0044A0DF /* QuestionsViewModel.swift in Sources */,
				A92499BB2C53DDD20044A0DF /* AnswerBox.swift in Sources */,
				A93D941E2C5BD23700D47492 /* PreviousScoresView.swift in Sources */,
				A92306D32C4A89540049A537 /* AuthViewModel.swift in Sources */,
				A9C078B22C4FEE7700DD83B2 /* ProfileView.swift in Sources */,
				A92499B92C53DB9A0044A0DF /* QuestionView.swift in Sources */,
				A9C078A52C4E7CF600DD83B2 /* SplashView.swift in Sources */,
				A92499BD2C53DED20044A0DF /* QuestionsView.swift in Sources */,
			);
			runOnlyForDeploymentPostprocessing = 0;
		};
/* End PBXSourcesBuildPhase section */

/* Begin XCBuildConfiguration section */
		A9AB30D22C46C4F400604B97 /* Debug */ = {
			isa = XCBuildConfiguration;
			buildSettings = {
				ALWAYS_SEARCH_USER_PATHS = NO;
				ASSETCATALOG_COMPILER_GENERATE_SWIFT_ASSET_SYMBOL_EXTENSIONS = YES;
				CLANG_ANALYZER_NONNULL = YES;
				CLANG_ANALYZER_NUMBER_OBJECT_CONVERSION = YES_AGGRESSIVE;
				CLANG_CXX_LANGUAGE_STANDARD = "gnu++20";
				CLANG_ENABLE_MODULES = YES;
				CLANG_ENABLE_OBJC_ARC = YES;
				CLANG_ENABLE_OBJC_WEAK = YES;
				CLANG_WARN_BLOCK_CAPTURE_AUTORELEASING = YES;
				CLANG_WARN_BOOL_CONVERSION = YES;
				CLANG_WARN_COMMA = YES;
				CLANG_WARN_CONSTANT_CONVERSION = YES;
				CLANG_WARN_DEPRECATED_OBJC_IMPLEMENTATIONS = YES;
				CLANG_WARN_DIRECT_OBJC_ISA_USAGE = YES_ERROR;
				CLANG_WARN_DOCUMENTATION_COMMENTS = YES;
				CLANG_WARN_EMPTY_BODY = YES;
				CLANG_WARN_ENUM_CONVERSION = YES;
				CLANG_WARN_INFINITE_RECURSION = YES;
				CLANG_WARN_INT_CONVERSION = YES;
				CLANG_WARN_NON_LITERAL_NULL_CONVERSION = YES;
				CLANG_WARN_OBJC_IMPLICIT_RETAIN_SELF = YES;
				CLANG_WARN_OBJC_LITERAL_CONVERSION = YES;
				CLANG_WARN_OBJC_ROOT_CLASS = YES_ERROR;
				CLANG_WARN_QUOTED_INCLUDE_IN_FRAMEWORK_HEADER = YES;
				CLANG_WARN_RANGE_LOOP_ANALYSIS = YES;
				CLANG_WARN_STRICT_PROTOTYPES = YES;
				CLANG_WARN_SUSPICIOUS_MOVE = YES;
				CLANG_WARN_UNGUARDED_AVAILABILITY = YES_AGGRESSIVE;
				CLANG_WARN_UNREACHABLE_CODE = YES;
				CLANG_WARN__DUPLICATE_METHOD_MATCH = YES;
				COPY_PHASE_STRIP = NO;
				DEBUG_INFORMATION_FORMAT = dwarf;
				ENABLE_STRICT_OBJC_MSGSEND = YES;
				ENABLE_TESTABILITY = YES;
				ENABLE_USER_SCRIPT_SANDBOXING = NO;
				GCC_C_LANGUAGE_STANDARD = gnu17;
				GCC_DYNAMIC_NO_PIC = NO;
				GCC_NO_COMMON_BLOCKS = YES;
				GCC_OPTIMIZATION_LEVEL = 0;
				GCC_PREPROCESSOR_DEFINITIONS = (
					"DEBUG=1",
					"$(inherited)",
				);
				GCC_WARN_64_TO_32_BIT_CONVERSION = YES;
				GCC_WARN_ABOUT_RETURN_TYPE = YES_ERROR;
				GCC_WARN_UNDECLARED_SELECTOR = YES;
				GCC_WARN_UNINITIALIZED_AUTOS = YES_AGGRESSIVE;
				GCC_WARN_UNUSED_FUNCTION = YES;
				GCC_WARN_UNUSED_VARIABLE = YES;
				IPHONEOS_DEPLOYMENT_TARGET = 17.0;
				LOCALIZATION_PREFERS_STRING_CATALOGS = YES;
				MTL_ENABLE_DEBUG_INFO = INCLUDE_SOURCE;
				MTL_FAST_MATH = YES;
				ONLY_ACTIVE_ARCH = YES;
				SDKROOT = iphoneos;
				SWIFT_ACTIVE_COMPILATION_CONDITIONS = "DEBUG $(inherited)";
				SWIFT_OPTIMIZATION_LEVEL = "-Onone";
			};
			name = Debug;
		};
		A9AB30D32C46C4F400604B97 /* Release */ = {
			isa = XCBuildConfiguration;
			buildSettings = {
				ALWAYS_SEARCH_USER_PATHS = NO;
				ASSETCATALOG_COMPILER_GENERATE_SWIFT_ASSET_SYMBOL_EXTENSIONS = YES;
				CLANG_ANALYZER_NONNULL = YES;
				CLANG_ANALYZER_NUMBER_OBJECT_CONVERSION = YES_AGGRESSIVE;
				CLANG_CXX_LANGUAGE_STANDARD = "gnu++20";
				CLANG_ENABLE_MODULES = YES;
				CLANG_ENABLE_OBJC_ARC = YES;
				CLANG_ENABLE_OBJC_WEAK = YES;
				CLANG_WARN_BLOCK_CAPTURE_AUTORELEASING = YES;
				CLANG_WARN_BOOL_CONVERSION = YES;
				CLANG_WARN_COMMA = YES;
				CLANG_WARN_CONSTANT_CONVERSION = YES;
				CLANG_WARN_DEPRECATED_OBJC_IMPLEMENTATIONS = YES;
				CLANG_WARN_DIRECT_OBJC_ISA_USAGE = YES_ERROR;
				CLANG_WARN_DOCUMENTATION_COMMENTS = YES;
				CLANG_WARN_EMPTY_BODY = YES;
				CLANG_WARN_ENUM_CONVERSION = YES;
				CLANG_WARN_INFINITE_RECURSION = YES;
				CLANG_WARN_INT_CONVERSION = YES;
				CLANG_WARN_NON_LITERAL_NULL_CONVERSION = YES;
				CLANG_WARN_OBJC_IMPLICIT_RETAIN_SELF = YES;
				CLANG_WARN_OBJC_LITERAL_CONVERSION = YES;
				CLANG_WARN_OBJC_ROOT_CLASS = YES_ERROR;
				CLANG_WARN_QUOTED_INCLUDE_IN_FRAMEWORK_HEADER = YES;
				CLANG_WARN_RANGE_LOOP_ANALYSIS = YES;
				CLANG_WARN_STRICT_PROTOTYPES = YES;
				CLANG_WARN_SUSPICIOUS_MOVE = YES;
				CLANG_WARN_UNGUARDED_AVAILABILITY = YES_AGGRESSIVE;
				CLANG_WARN_UNREACHABLE_CODE = YES;
				CLANG_WARN__DUPLICATE_METHOD_MATCH = YES;
				COPY_PHASE_STRIP = NO;
				DEBUG_INFORMATION_FORMAT = "dwarf-with-dsym";
				ENABLE_NS_ASSERTIONS = NO;
				ENABLE_STRICT_OBJC_MSGSEND = YES;
				ENABLE_USER_SCRIPT_SANDBOXING = NO;
				GCC_C_LANGUAGE_STANDARD = gnu17;
				GCC_NO_COMMON_BLOCKS = YES;
				GCC_WARN_64_TO_32_BIT_CONVERSION = YES;
				GCC_WARN_ABOUT_RETURN_TYPE = YES_ERROR;
				GCC_WARN_UNDECLARED_SELECTOR = YES;
				GCC_WARN_UNINITIALIZED_AUTOS = YES_AGGRESSIVE;
				GCC_WARN_UNUSED_FUNCTION = YES;
				GCC_WARN_UNUSED_VARIABLE = YES;
				IPHONEOS_DEPLOYMENT_TARGET = 17.0;
				LOCALIZATION_PREFERS_STRING_CATALOGS = YES;
				MTL_ENABLE_DEBUG_INFO = NO;
				MTL_FAST_MATH = YES;
				SDKROOT = iphoneos;
				SWIFT_COMPILATION_MODE = wholemodule;
				VALIDATE_PRODUCT = YES;
			};
			name = Release;
		};
		A9AB30D52C46C4F400604B97 /* Debug */ = {
			isa = XCBuildConfiguration;
			baseConfigurationReference = 29B1013D14C7E59E3A7501E7 /* Pods-QuizApp_SwiftUI.debug.xcconfig */;
			buildSettings = {
				ASSETCATALOG_COMPILER_APPICON_NAME = AppIcon;
				ASSETCATALOG_COMPILER_GLOBAL_ACCENT_COLOR_NAME = AccentColor;
				CODE_SIGN_STYLE = Automatic;
				CURRENT_PROJECT_VERSION = 1;
				DEVELOPMENT_ASSET_PATHS = "\"QuizApp_SwiftUI/Preview Content\"";
				DEVELOPMENT_TEAM = 992MR6GDH5;
				ENABLE_PREVIEWS = YES;
				GENERATE_INFOPLIST_FILE = YES;
				INFOPLIST_KEY_UIApplicationSceneManifest_Generation = YES;
				INFOPLIST_KEY_UIApplicationSupportsIndirectInputEvents = YES;
				INFOPLIST_KEY_UILaunchScreen_Generation = YES;
				INFOPLIST_KEY_UISupportedInterfaceOrientations_iPad = "UIInterfaceOrientationPortrait UIInterfaceOrientationPortraitUpsideDown UIInterfaceOrientationLandscapeLeft UIInterfaceOrientationLandscapeRight";
				INFOPLIST_KEY_UISupportedInterfaceOrientations_iPhone = "UIInterfaceOrientationPortrait UIInterfaceOrientationLandscapeLeft UIInterfaceOrientationLandscapeRight";
				LD_RUNPATH_SEARCH_PATHS = (
					"$(inherited)",
					"@executable_path/Frameworks",
				);
				MARKETING_VERSION = 1.0;
				PRODUCT_BUNDLE_IDENTIFIER = "com.sevvalmertoglu.QuizApp-SwiftUI";
				PRODUCT_NAME = "$(TARGET_NAME)";
				SWIFT_EMIT_LOC_STRINGS = YES;
				SWIFT_VERSION = 5.0;
				TARGETED_DEVICE_FAMILY = "1,2";
			};
			name = Debug;
		};
		A9AB30D62C46C4F400604B97 /* Release */ = {
			isa = XCBuildConfiguration;
			baseConfigurationReference = ACC8DD36D8A8D178CB843B26 /* Pods-QuizApp_SwiftUI.release.xcconfig */;
			buildSettings = {
				ASSETCATALOG_COMPILER_APPICON_NAME = AppIcon;
				ASSETCATALOG_COMPILER_GLOBAL_ACCENT_COLOR_NAME = AccentColor;
				CODE_SIGN_STYLE = Automatic;
				CURRENT_PROJECT_VERSION = 1;
				DEVELOPMENT_ASSET_PATHS = "\"QuizApp_SwiftUI/Preview Content\"";
				DEVELOPMENT_TEAM = 992MR6GDH5;
				ENABLE_PREVIEWS = YES;
				GENERATE_INFOPLIST_FILE = YES;
				INFOPLIST_KEY_UIApplicationSceneManifest_Generation = YES;
				INFOPLIST_KEY_UIApplicationSupportsIndirectInputEvents = YES;
				INFOPLIST_KEY_UILaunchScreen_Generation = YES;
				INFOPLIST_KEY_UISupportedInterfaceOrientations_iPad = "UIInterfaceOrientationPortrait UIInterfaceOrientationPortraitUpsideDown UIInterfaceOrientationLandscapeLeft UIInterfaceOrientationLandscapeRight";
				INFOPLIST_KEY_UISupportedInterfaceOrientations_iPhone = "UIInterfaceOrientationPortrait UIInterfaceOrientationLandscapeLeft UIInterfaceOrientationLandscapeRight";
				LD_RUNPATH_SEARCH_PATHS = (
					"$(inherited)",
					"@executable_path/Frameworks",
				);
				MARKETING_VERSION = 1.0;
				PRODUCT_BUNDLE_IDENTIFIER = "com.sevvalmertoglu.QuizApp-SwiftUI";
				PRODUCT_NAME = "$(TARGET_NAME)";
				SWIFT_EMIT_LOC_STRINGS = YES;
				SWIFT_VERSION = 5.0;
				TARGETED_DEVICE_FAMILY = "1,2";
			};
			name = Release;
		};
/* End XCBuildConfiguration section */

/* Begin XCConfigurationList section */
		A9AB30C12C46C4F100604B97 /* Build configuration list for PBXProject "QuizApp_SwiftUI" */ = {
			isa = XCConfigurationList;
			buildConfigurations = (
				A9AB30D22C46C4F400604B97 /* Debug */,
				A9AB30D32C46C4F400604B97 /* Release */,
			);
			defaultConfigurationIsVisible = 0;
			defaultConfigurationName = Release;
		};
		A9AB30D42C46C4F400604B97 /* Build configuration list for PBXNativeTarget "QuizApp_SwiftUI" */ = {
			isa = XCConfigurationList;
			buildConfigurations = (
				A9AB30D52C46C4F400604B97 /* Debug */,
				A9AB30D62C46C4F400604B97 /* Release */,
			);
			defaultConfigurationIsVisible = 0;
			defaultConfigurationName = Release;
		};
/* End XCConfigurationList section */

/* Begin XCSwiftPackageProductDependency section */
		A92499B12C53D2730044A0DF /* CoreAPI */ = {
			isa = XCSwiftPackageProductDependency;
			productName = CoreAPI;
		};
/* End XCSwiftPackageProductDependency section */
	};
	rootObject = A9AB30BE2C46C4F100604B97 /* Project object */;
}
